
Microsoft Visual Studio Solution File, Format Version 12.00
# Visual Studio Version 17
VisualStudioVersion = 17.0.32014.148
MinimumVisualStudioVersion = 10.0.40219.1
Project("{FAE04EC0-301F-11D3-BF4B-00C04F79EFBC}") = "WebAPI", "WebAPI\WebAPI.csproj", "{F3A91D14-FBB1-40EA-A193-B18304AEE503}"
EndProject
Global
	GlobalSection(SolutionConfigurationPlatforms) = preSolution
		Debug|Any CPU = Debug|Any CPU
		Release|Any CPU = Release|Any CPU
	EndGlobalSection
	GlobalSection(ProjectConfigurationPlatforms) = postSolution
		{F3A91D14-FBB1-40EA-A193-B18304AEE503}.Debug|Any CPU.ActiveCfg = Debug|Any CPU
		{F3A91D14-FBB1-40EA-A193-B18304AEE503}.Debug|Any CPU.Build.0 = Debug|Any CPU
		{F3A91D14-FBB1-40EA-A193-B18304AEE503}.Release|Any CPU.ActiveCfg = Release|Any CPU
		{F3A91D14-FBB1-40EA-A193-B18304AEE503}.Release|Any CPU.Build.0 = Release|Any CPU
	EndGlobalSection
	GlobalSection(SolutionProperties) = preSolution
		HideSolutionNode = FALSE
	EndGlobalSection
	GlobalSection(ExtensibilityGlobals) = postSolution
		SolutionGuid = {85B6CD7B-B5D5-4FF7-8C46-C281B79E10C4}
	EndGlobalSection
EndGlobal
